
Microsoft Visual Studio Solution File, Format Version 12.00
# Visual Studio Version 16
VisualStudioVersion = 16.0.30804.86
MinimumVisualStudioVersion = 10.0.40219.1
Project("{FAE04EC0-301F-11D3-BF4B-00C04F79EFBC}") = "CloudInfra", "CloudInfra\CloudInfra.csproj", "{2EDB7DCA-6135-4C01-BF59-D63557FAC988}"
EndProject
Project("{2150E333-8FDC-42A3-9474-1A3956D46DE8}") = "src", "src", "{983127AF-9C0E-43D4-814B-A955B56422F7}"
EndProject
Project("{2150E333-8FDC-42A3-9474-1A3956D46DE8}") = "test", "test", "{192B213B-1278-47CE-A6AB-86D0DF436F60}"
EndProject
Project("{FAE04EC0-301F-11D3-BF4B-00C04F79EFBC}") = "CloudInfra.UnitTest", "UnitTest\CloudInfra.UnitTest\CloudInfra.UnitTest.csproj", "{ABA10279-1550-45FF-9D94-7F9E9904A665}"
EndProject
Global
	GlobalSection(SolutionConfigurationPlatforms) = preSolution
		Debug|Any CPU = Debug|Any CPU
		Release|Any CPU = Release|Any CPU
	EndGlobalSection
	GlobalSection(ProjectConfigurationPlatforms) = postSolution
		{2EDB7DCA-6135-4C01-BF59-D63557FAC988}.Debug|Any CPU.ActiveCfg = Debug|Any CPU
		{2EDB7DCA-6135-4C01-BF59-D63557FAC988}.Debug|Any CPU.Build.0 = Debug|Any CPU
		{2EDB7DCA-6135-4C01-BF59-D63557FAC988}.Release|Any CPU.ActiveCfg = Release|Any CPU
		{2EDB7DCA-6135-4C01-BF59-D63557FAC988}.Release|Any CPU.Build.0 = Release|Any CPU
		{ABA10279-1550-45FF-9D94-7F9E9904A665}.Debug|Any CPU.ActiveCfg = Debug|Any CPU
		{ABA10279-1550-45FF-9D94-7F9E9904A665}.Debug|Any CPU.Build.0 = Debug|Any CPU
		{ABA10279-1550-45FF-9D94-7F9E9904A665}.Release|Any CPU.ActiveCfg = Release|Any CPU
		{ABA10279-1550-45FF-9D94-7F9E9904A665}.Release|Any CPU.Build.0 = Release|Any CPU
	EndGlobalSection
	GlobalSection(SolutionProperties) = preSolution
		HideSolutionNode = FALSE
	EndGlobalSection
	GlobalSection(NestedProjects) = preSolution
		{2EDB7DCA-6135-4C01-BF59-D63557FAC988} = {983127AF-9C0E-43D4-814B-A955B56422F7}
		{ABA10279-1550-45FF-9D94-7F9E9904A665} = {192B213B-1278-47CE-A6AB-86D0DF436F60}
	EndGlobalSection
	GlobalSection(ExtensibilityGlobals) = postSolution
		SolutionGuid = {3020200E-3DB8-4CEA-B5EF-E595D0B411F9}
	EndGlobalSection
EndGlobal
